
Microsoft Visual Studio Solution File, Format Version 12.00
# Visual Studio Version 16
VisualStudioVersion = 16.0.33130.400
MinimumVisualStudioVersion = 10.0.40219.1
Project("{FAE04EC0-301F-11D3-BF4B-00C04F79EFBC}") = "HW1_Claculator_NUnit", "HW1_Claculator_NUnit\HW1_Claculator_NUnit.csproj", "{ED857FAD-AB1A-4CF0-8AE9-B3BFE977CAE2}"
EndProject
Project("{FAE04EC0-301F-11D3-BF4B-00C04F79EFBC}") = "CalculationsTests", "CalculationsTests\CalculationsTests.csproj", "{1F1C19DF-8B53-4E4C-9CD1-FFAB693923AA}"
EndProject
Global
	GlobalSection(SolutionConfigurationPlatforms) = preSolution
		Debug|Any CPU = Debug|Any CPU
		Release|Any CPU = Release|Any CPU
	EndGlobalSection
	GlobalSection(ProjectConfigurationPlatforms) = postSolution
		{ED857FAD-AB1A-4CF0-8AE9-B3BFE977CAE2}.Debug|Any CPU.ActiveCfg = Debug|Any CPU
		{ED857FAD-AB1A-4CF0-8AE9-B3BFE977CAE2}.Debug|Any CPU.Build.0 = Debug|Any CPU
		{ED857FAD-AB1A-4CF0-8AE9-B3BFE977CAE2}.Release|Any CPU.ActiveCfg = Release|Any CPU
		{ED857FAD-AB1A-4CF0-8AE9-B3BFE977CAE2}.Release|Any CPU.Build.0 = Release|Any CPU
		{1F1C19DF-8B53-4E4C-9CD1-FFAB693923AA}.Debug|Any CPU.ActiveCfg = Debug|Any CPU
		{1F1C19DF-8B53-4E4C-9CD1-FFAB693923AA}.Debug|Any CPU.Build.0 = Debug|Any CPU
		{1F1C19DF-8B53-4E4C-9CD1-FFAB693923AA}.Release|Any CPU.ActiveCfg = Release|Any CPU
		{1F1C19DF-8B53-4E4C-9CD1-FFAB693923AA}.Release|Any CPU.Build.0 = Release|Any CPU
	EndGlobalSection
	GlobalSection(SolutionProperties) = preSolution
		HideSolutionNode = FALSE
	EndGlobalSection
	GlobalSection(ExtensibilityGlobals) = postSolution
		SolutionGuid = {65D34772-8944-482E-B7D5-3B1876DAD624}
	EndGlobalSection
EndGlobal
